
Microsoft Visual Studio Solution File, Format Version 12.00
# Visual Studio 15
VisualStudioVersion = 15.0.26730.15
MinimumVisualStudioVersion = 10.0.40219.1
Project("{8BC9CEB8-8B4A-11D0-8D11-00A0C91BC942}") = "textRPG", "textRPG\textRPG.vcxproj", "{2A6D3E62-C5D1-4D7C-923B-6680638E7156}"
EndProject
Global
	GlobalSection(SolutionConfigurationPlatforms) = preSolution
		Debug|x64 = Debug|x64
		Debug|x86 = Debug|x86
		Release|x64 = Release|x64
		Release|x86 = Release|x86
	EndGlobalSection
	GlobalSection(ProjectConfigurationPlatforms) = postSolution
		{2A6D3E62-C5D1-4D7C-923B-6680638E7156}.Debug|x64.ActiveCfg = Debug|x64
		{2A6D3E62-C5D1-4D7C-923B-6680638E7156}.Debug|x64.Build.0 = Debug|x64
		{2A6D3E62-C5D1-4D7C-923B-6680638E7156}.Debug|x86.ActiveCfg = Debug|Win32
		{2A6D3E62-C5D1-4D7C-923B-6680638E7156}.Debug|x86.Build.0 = Debug|Win32
		{2A6D3E62-C5D1-4D7C-923B-6680638E7156}.Release|x64.ActiveCfg = Release|x64
		{2A6D3E62-C5D1-4D7C-923B-6680638E7156}.Release|x64.Build.0 = Release|x64
		{2A6D3E62-C5D1-4D7C-923B-6680638E7156}.Release|x86.ActiveCfg = Release|Win32
		{2A6D3E62-C5D1-4D7C-923B-6680638E7156}.Release|x86.Build.0 = Release|Win32
	EndGlobalSection
	GlobalSection(SolutionProperties) = preSolution
		HideSolutionNode = FALSE
	EndGlobalSection
	GlobalSection(ExtensibilityGlobals) = postSolution
		SolutionGuid = {F224E710-0FBD-4420-A1D1-E140891D5D14}
	EndGlobalSection
EndGlobal
